<Solution>
  <Folder Name="/.github/" />
  <Folder Name="/.github/workflows/">
    <File Path=".github/workflows/build.yml" />
    <File Path=".github/workflows/publish.yml" />
  </Folder>
  <Project Path="src/QuantSharp/QuantSharp.csproj" Id="5a70afc8-bd4e-4e57-b668-85683e0d96a9" />
  <Project Path="test/QuantSharp.Tests/QuantSharp.Tests.csproj" />
</Solution>
