<Solution>
  <Folder Name="/.github/" />
  <Folder Name="/.github/workflows/">
    <File Path=".github/workflows/build.yml" />
    <File Path=".github/workflows/publish.yml" />
  </Folder>
  <Project Path="src/QuantEdge/QuantEdge.csproj" />
  <Project Path="test/QuantEdge.Tests/QuantEdge.Tests.csproj" />
</Solution>
